
Microsoft Visual Studio Solution File, Format Version 12.00
# Visual Studio Version 17
VisualStudioVersion = 17.12.35707.178
MinimumVisualStudioVersion = 10.0.40219.1
Project("{FAE04EC0-301F-11D3-BF4B-00C04F79EFBC}") = "login", "login\login.csproj", "{657846F1-8169-4C1C-A57C-7E460D30AA5C}"
EndProject
Project("{2150E333-8FDC-42A3-9474-1A3956D46DE8}") = "Reservas", "Reservas", "{A84566BC-1EF6-4C16-82A9-3DADB97E5543}"
EndProject
Global
	GlobalSection(SolutionConfigurationPlatforms) = preSolution
		Debug|Any CPU = Debug|Any CPU
		Release|Any CPU = Release|Any CPU
	EndGlobalSection
	GlobalSection(ProjectConfigurationPlatforms) = postSolution
		{657846F1-8169-4C1C-A57C-7E460D30AA5C}.Debug|Any CPU.ActiveCfg = Debug|Any CPU
		{657846F1-8169-4C1C-A57C-7E460D30AA5C}.Debug|Any CPU.Build.0 = Debug|Any CPU
		{657846F1-8169-4C1C-A57C-7E460D30AA5C}.Release|Any CPU.ActiveCfg = Release|Any CPU
		{657846F1-8169-4C1C-A57C-7E460D30AA5C}.Release|Any CPU.Build.0 = Release|Any CPU
	EndGlobalSection
	GlobalSection(SolutionProperties) = preSolution
		HideSolutionNode = FALSE
	EndGlobalSection
EndGlobal
